
Microsoft Visual Studio Solution File, Format Version 12.00
# Visual Studio Version 17
VisualStudioVersion = 17.5.33627.172
MinimumVisualStudioVersion = 10.0.40219.1
Project("{FAE04EC0-301F-11D3-BF4B-00C04F79EFBC}") = "MassTransit.Api", "MassTransit.Api\MassTransit.Api.csproj", "{00CEB0EF-1874-48A2-8955-6774D1716BFB}"
EndProject
Global
	GlobalSection(SolutionConfigurationPlatforms) = preSolution
		Debug|Any CPU = Debug|Any CPU
		Release|Any CPU = Release|Any CPU
	EndGlobalSection
	GlobalSection(ProjectConfigurationPlatforms) = postSolution
		{00CEB0EF-1874-48A2-8955-6774D1716BFB}.Debug|Any CPU.ActiveCfg = Debug|Any CPU
		{00CEB0EF-1874-48A2-8955-6774D1716BFB}.Debug|Any CPU.Build.0 = Debug|Any CPU
		{00CEB0EF-1874-48A2-8955-6774D1716BFB}.Release|Any CPU.ActiveCfg = Release|Any CPU
		{00CEB0EF-1874-48A2-8955-6774D1716BFB}.Release|Any CPU.Build.0 = Release|Any CPU
	EndGlobalSection
	GlobalSection(SolutionProperties) = preSolution
		HideSolutionNode = FALSE
	EndGlobalSection
	GlobalSection(ExtensibilityGlobals) = postSolution
		SolutionGuid = {C62A2D84-FF41-4ABD-B0DD-63786ACADEB6}
	EndGlobalSection
EndGlobal
