
Microsoft Visual Studio Solution File, Format Version 12.00
# Visual Studio Version 17
VisualStudioVersion = 17.5.33627.172
MinimumVisualStudioVersion = 10.0.40219.1
Project("{9A19103F-16F7-4668-BE54-9A1E7A4F7556}") = "MassTransit.Api", "MassTransit.Api\MassTransit.Api.csproj", "{00CEB0EF-1874-48A2-8955-6774D1716BFB}"
EndProject
Project("{9A19103F-16F7-4668-BE54-9A1E7A4F7556}") = "MassTransit.Core", "MassTransit.Core\MassTransit.Core.csproj", "{1322C477-190F-4B8A-9B1A-3576452A60F3}"
EndProject
Project("{9A19103F-16F7-4668-BE54-9A1E7A4F7556}") = "MassTransit.Infrastructure", "MassTransit.Infrastructure\MassTransit.Infrastructure.csproj", "{D3CF9C63-7DE7-44AC-B7FA-B3BC8726DA8E}"
EndProject
Project("{FAE04EC0-301F-11D3-BF4B-00C04F79EFBC}") = "MassTransit.Application", "MassTransit.Application\MassTransit.Application.csproj", "{FC32956C-B559-4DCB-8F4A-79CC7595C718}"
EndProject
Global
	GlobalSection(SolutionConfigurationPlatforms) = preSolution
		Debug|Any CPU = Debug|Any CPU
		Release|Any CPU = Release|Any CPU
	EndGlobalSection
	GlobalSection(ProjectConfigurationPlatforms) = postSolution
		{00CEB0EF-1874-48A2-8955-6774D1716BFB}.Debug|Any CPU.ActiveCfg = Debug|Any CPU
		{00CEB0EF-1874-48A2-8955-6774D1716BFB}.Debug|Any CPU.Build.0 = Debug|Any CPU
		{00CEB0EF-1874-48A2-8955-6774D1716BFB}.Release|Any CPU.ActiveCfg = Release|Any CPU
		{00CEB0EF-1874-48A2-8955-6774D1716BFB}.Release|Any CPU.Build.0 = Release|Any CPU
		{1322C477-190F-4B8A-9B1A-3576452A60F3}.Debug|Any CPU.ActiveCfg = Debug|Any CPU
		{1322C477-190F-4B8A-9B1A-3576452A60F3}.Debug|Any CPU.Build.0 = Debug|Any CPU
		{1322C477-190F-4B8A-9B1A-3576452A60F3}.Release|Any CPU.ActiveCfg = Release|Any CPU
		{1322C477-190F-4B8A-9B1A-3576452A60F3}.Release|Any CPU.Build.0 = Release|Any CPU
		{D3CF9C63-7DE7-44AC-B7FA-B3BC8726DA8E}.Debug|Any CPU.ActiveCfg = Debug|Any CPU
		{D3CF9C63-7DE7-44AC-B7FA-B3BC8726DA8E}.Debug|Any CPU.Build.0 = Debug|Any CPU
		{D3CF9C63-7DE7-44AC-B7FA-B3BC8726DA8E}.Release|Any CPU.ActiveCfg = Release|Any CPU
		{D3CF9C63-7DE7-44AC-B7FA-B3BC8726DA8E}.Release|Any CPU.Build.0 = Release|Any CPU
		{FC32956C-B559-4DCB-8F4A-79CC7595C718}.Debug|Any CPU.ActiveCfg = Debug|Any CPU
		{FC32956C-B559-4DCB-8F4A-79CC7595C718}.Debug|Any CPU.Build.0 = Debug|Any CPU
		{FC32956C-B559-4DCB-8F4A-79CC7595C718}.Release|Any CPU.ActiveCfg = Release|Any CPU
		{FC32956C-B559-4DCB-8F4A-79CC7595C718}.Release|Any CPU.Build.0 = Release|Any CPU
	EndGlobalSection
	GlobalSection(SolutionProperties) = preSolution
		HideSolutionNode = FALSE
	EndGlobalSection
	GlobalSection(ExtensibilityGlobals) = postSolution
		SolutionGuid = {C62A2D84-FF41-4ABD-B0DD-63786ACADEB6}
	EndGlobalSection
EndGlobal
